
Microsoft Visual Studio Solution File, Format Version 12.00
# Visual Studio Version 17
VisualStudioVersion = 17.14.36616.10 d17.14
MinimumVisualStudioVersion = 10.0.40219.1
Project("{8BC9CEB8-8B4A-11D0-8D11-00A0C91BC942}") = "oop7_1", "oop7_1.vcxproj", "{F529E401-DF1E-46F6-88E3-27D8E8AA2C09}"
EndProject
Project("{8BC9CEB8-8B4A-11D0-8D11-00A0C91BC942}") = "UnitTest54", "..\UnitTest54\UnitTest54.vcxproj", "{7232D899-39B3-6A13-D58F-4DBD9BE80648}"
EndProject
Global
	GlobalSection(SolutionConfigurationPlatforms) = preSolution
		Debug|x64 = Debug|x64
		Debug|x86 = Debug|x86
		Release|x64 = Release|x64
		Release|x86 = Release|x86
	EndGlobalSection
	GlobalSection(ProjectConfigurationPlatforms) = postSolution
		{F529E401-DF1E-46F6-88E3-27D8E8AA2C09}.Debug|x64.ActiveCfg = Debug|x64
		{F529E401-DF1E-46F6-88E3-27D8E8AA2C09}.Debug|x64.Build.0 = Debug|x64
		{F529E401-DF1E-46F6-88E3-27D8E8AA2C09}.Debug|x86.ActiveCfg = Debug|Win32
		{F529E401-DF1E-46F6-88E3-27D8E8AA2C09}.Debug|x86.Build.0 = Debug|Win32
		{F529E401-DF1E-46F6-88E3-27D8E8AA2C09}.Release|x64.ActiveCfg = Release|x64
		{F529E401-DF1E-46F6-88E3-27D8E8AA2C09}.Release|x64.Build.0 = Release|x64
		{F529E401-DF1E-46F6-88E3-27D8E8AA2C09}.Release|x86.ActiveCfg = Release|Win32
		{F529E401-DF1E-46F6-88E3-27D8E8AA2C09}.Release|x86.Build.0 = Release|Win32
		{7232D899-39B3-6A13-D58F-4DBD9BE80648}.Debug|x64.ActiveCfg = Debug|x64
		{7232D899-39B3-6A13-D58F-4DBD9BE80648}.Debug|x64.Build.0 = Debug|x64
		{7232D899-39B3-6A13-D58F-4DBD9BE80648}.Debug|x86.ActiveCfg = Debug|Win32
		{7232D899-39B3-6A13-D58F-4DBD9BE80648}.Debug|x86.Build.0 = Debug|Win32
		{7232D899-39B3-6A13-D58F-4DBD9BE80648}.Release|x64.ActiveCfg = Release|x64
		{7232D899-39B3-6A13-D58F-4DBD9BE80648}.Release|x64.Build.0 = Release|x64
		{7232D899-39B3-6A13-D58F-4DBD9BE80648}.Release|x86.ActiveCfg = Release|Win32
		{7232D899-39B3-6A13-D58F-4DBD9BE80648}.Release|x86.Build.0 = Release|Win32
	EndGlobalSection
	GlobalSection(SolutionProperties) = preSolution
		HideSolutionNode = FALSE
	EndGlobalSection
	GlobalSection(ExtensibilityGlobals) = postSolution
		SolutionGuid = {AC1F6672-45DF-4DBB-A9D8-824330F669BE}
	EndGlobalSection
EndGlobal
