
Microsoft Visual Studio Solution File, Format Version 12.00
# Visual Studio Version 17
VisualStudioVersion = 17.14.36616.10 d17.14
MinimumVisualStudioVersion = 10.0.40219.1
Project("{8BC9CEB8-8B4A-11D0-8D11-00A0C91BC942}") = "oop5_1", "oop5_1.vcxproj", "{1A99BEE3-8049-445B-8801-8B6F09C2C70B}"
EndProject
Project("{8BC9CEB8-8B4A-11D0-8D11-00A0C91BC942}") = "UnitTest36", "..\UnitTest36\UnitTest36.vcxproj", "{23111285-4824-2BD1-F5AD-60063C40FB66}"
EndProject
Global
	GlobalSection(SolutionConfigurationPlatforms) = preSolution
		Debug|x64 = Debug|x64
		Debug|x86 = Debug|x86
		Release|x64 = Release|x64
		Release|x86 = Release|x86
	EndGlobalSection
	GlobalSection(ProjectConfigurationPlatforms) = postSolution
		{1A99BEE3-8049-445B-8801-8B6F09C2C70B}.Debug|x64.ActiveCfg = Debug|x64
		{1A99BEE3-8049-445B-8801-8B6F09C2C70B}.Debug|x64.Build.0 = Debug|x64
		{1A99BEE3-8049-445B-8801-8B6F09C2C70B}.Debug|x86.ActiveCfg = Debug|Win32
		{1A99BEE3-8049-445B-8801-8B6F09C2C70B}.Debug|x86.Build.0 = Debug|Win32
		{1A99BEE3-8049-445B-8801-8B6F09C2C70B}.Release|x64.ActiveCfg = Release|x64
		{1A99BEE3-8049-445B-8801-8B6F09C2C70B}.Release|x64.Build.0 = Release|x64
		{1A99BEE3-8049-445B-8801-8B6F09C2C70B}.Release|x86.ActiveCfg = Release|Win32
		{1A99BEE3-8049-445B-8801-8B6F09C2C70B}.Release|x86.Build.0 = Release|Win32
		{23111285-4824-2BD1-F5AD-60063C40FB66}.Debug|x64.ActiveCfg = Debug|x64
		{23111285-4824-2BD1-F5AD-60063C40FB66}.Debug|x64.Build.0 = Debug|x64
		{23111285-4824-2BD1-F5AD-60063C40FB66}.Debug|x86.ActiveCfg = Debug|Win32
		{23111285-4824-2BD1-F5AD-60063C40FB66}.Debug|x86.Build.0 = Debug|Win32
		{23111285-4824-2BD1-F5AD-60063C40FB66}.Release|x64.ActiveCfg = Release|x64
		{23111285-4824-2BD1-F5AD-60063C40FB66}.Release|x64.Build.0 = Release|x64
		{23111285-4824-2BD1-F5AD-60063C40FB66}.Release|x86.ActiveCfg = Release|Win32
		{23111285-4824-2BD1-F5AD-60063C40FB66}.Release|x86.Build.0 = Release|Win32
	EndGlobalSection
	GlobalSection(SolutionProperties) = preSolution
		HideSolutionNode = FALSE
	EndGlobalSection
	GlobalSection(ExtensibilityGlobals) = postSolution
		SolutionGuid = {E06DF25D-3E18-4E94-988A-06D949838D03}
	EndGlobalSection
EndGlobal
